
Microsoft Visual Studio Solution File, Format Version 12.00
# Visual Studio Version 17
VisualStudioVersion = 17.12.35707.178
MinimumVisualStudioVersion = 10.0.40219.1
Project("{2150E333-8FDC-42A3-9474-1A3956D46DE8}") = "Services", "Services", "{DE3F97ED-328F-47EE-A2A4-B5A366E922E6}"
EndProject
Project("{2150E333-8FDC-42A3-9474-1A3956D46DE8}") = "Hub", "Hub", "{1B28459C-8291-4252-B32D-D163C45ED9B1}"
EndProject
Project("{FAE04EC0-301F-11D3-BF4B-00C04F79EFBC}") = "Hub.API", "Services\Hub.API\Hub.API.csproj", "{E56F8061-EDE1-4BB2-A847-E1C413EFBD51}"
EndProject
Project("{FAE04EC0-301F-11D3-BF4B-00C04F79EFBC}") = "Hub.Domain", "Services\Hub\Hub.Domain\Hub.Domain.csproj", "{0BF448A8-756D-454D-8A72-42DCF0D1EC31}"
EndProject
Project("{FAE04EC0-301F-11D3-BF4B-00C04F79EFBC}") = "Hub.Application", "Services\Hub\Hub.Application\Hub.Application.csproj", "{D4138E68-74F0-4435-ABC7-2EAF84C65DE1}"
EndProject
Project("{FAE04EC0-301F-11D3-BF4B-00C04F79EFBC}") = "Hub.Infrastructure", "Services\Hub\Hub.Infrastructure\Hub.Infrastructure.csproj", "{5C5FF9D3-B4B4-455C-B81B-488A684BF06C}"
EndProject
Global
	GlobalSection(SolutionConfigurationPlatforms) = preSolution
		Debug|Any CPU = Debug|Any CPU
		Release|Any CPU = Release|Any CPU
	EndGlobalSection
	GlobalSection(ProjectConfigurationPlatforms) = postSolution
		{E56F8061-EDE1-4BB2-A847-E1C413EFBD51}.Debug|Any CPU.ActiveCfg = Debug|Any CPU
		{E56F8061-EDE1-4BB2-A847-E1C413EFBD51}.Debug|Any CPU.Build.0 = Debug|Any CPU
		{E56F8061-EDE1-4BB2-A847-E1C413EFBD51}.Release|Any CPU.ActiveCfg = Release|Any CPU
		{E56F8061-EDE1-4BB2-A847-E1C413EFBD51}.Release|Any CPU.Build.0 = Release|Any CPU
		{0BF448A8-756D-454D-8A72-42DCF0D1EC31}.Debug|Any CPU.ActiveCfg = Debug|Any CPU
		{0BF448A8-756D-454D-8A72-42DCF0D1EC31}.Debug|Any CPU.Build.0 = Debug|Any CPU
		{0BF448A8-756D-454D-8A72-42DCF0D1EC31}.Release|Any CPU.ActiveCfg = Release|Any CPU
		{0BF448A8-756D-454D-8A72-42DCF0D1EC31}.Release|Any CPU.Build.0 = Release|Any CPU
		{D4138E68-74F0-4435-ABC7-2EAF84C65DE1}.Debug|Any CPU.ActiveCfg = Debug|Any CPU
		{D4138E68-74F0-4435-ABC7-2EAF84C65DE1}.Debug|Any CPU.Build.0 = Debug|Any CPU
		{D4138E68-74F0-4435-ABC7-2EAF84C65DE1}.Release|Any CPU.ActiveCfg = Release|Any CPU
		{D4138E68-74F0-4435-ABC7-2EAF84C65DE1}.Release|Any CPU.Build.0 = Release|Any CPU
		{5C5FF9D3-B4B4-455C-B81B-488A684BF06C}.Debug|Any CPU.ActiveCfg = Debug|Any CPU
		{5C5FF9D3-B4B4-455C-B81B-488A684BF06C}.Debug|Any CPU.Build.0 = Debug|Any CPU
		{5C5FF9D3-B4B4-455C-B81B-488A684BF06C}.Release|Any CPU.ActiveCfg = Release|Any CPU
		{5C5FF9D3-B4B4-455C-B81B-488A684BF06C}.Release|Any CPU.Build.0 = Release|Any CPU
	EndGlobalSection
	GlobalSection(SolutionProperties) = preSolution
		HideSolutionNode = FALSE
	EndGlobalSection
	GlobalSection(NestedProjects) = preSolution
		{1B28459C-8291-4252-B32D-D163C45ED9B1} = {DE3F97ED-328F-47EE-A2A4-B5A366E922E6}
		{E56F8061-EDE1-4BB2-A847-E1C413EFBD51} = {1B28459C-8291-4252-B32D-D163C45ED9B1}
		{0BF448A8-756D-454D-8A72-42DCF0D1EC31} = {1B28459C-8291-4252-B32D-D163C45ED9B1}
		{D4138E68-74F0-4435-ABC7-2EAF84C65DE1} = {1B28459C-8291-4252-B32D-D163C45ED9B1}
		{5C5FF9D3-B4B4-455C-B81B-488A684BF06C} = {1B28459C-8291-4252-B32D-D163C45ED9B1}
	EndGlobalSection
EndGlobal
